
Microsoft Visual Studio Solution File, Format Version 12.00
Project("{FAE04EC0-301F-11D3-BF4B-00C04F79EFBC}") = "Throughline.Modules.Ordering.Domain", "src\modules\ordering\Throughline.Modules.Ordering.Domain\Throughline.Modules.Ordering.Domain.csproj", "{29B56357-B8FF-4D42-B159-F33832BAD800}"
EndProject
Project("{FAE04EC0-301F-11D3-BF4B-00C04F79EFBC}") = "Throughline.Modules.Ordering.Application", "src\modules\ordering\Throughline.Modules.Ordering.Application\Throughline.Modules.Ordering.Application.csproj", "{51DFA9A6-80A4-42D1-962F-ABCF57AA93A5}"
EndProject
Project("{FAE04EC0-301F-11D3-BF4B-00C04F79EFBC}") = "Throughline.Common", "src\shared\Throughline.Common\Throughline.Common.csproj", "{B58B61DA-7541-4FA5-B02F-0CBC1735400B}"
EndProject
Project("{FAE04EC0-301F-11D3-BF4B-00C04F79EFBC}") = "Throughline.Modules.Ordering.Application.Tests", "src\modules\ordering\Throughline.Modules.Ordering.Application.Tests\Throughline.Modules.Ordering.Application.Tests.csproj", "{AB00182B-62D2-4C98-B3DA-81429DB70807}"
EndProject
Project("{FAE04EC0-301F-11D3-BF4B-00C04F79EFBC}") = "Throughline.Modules.Ordering.Domain.Tests", "src\modules\ordering\Throughline.Modules.Ordering.Domain.Tests\Throughline.Modules.Ordering.Domain.Tests.csproj", "{C7E3F48C-A389-447C-A1ED-CC28B904B15A}"
EndProject
Project("{FAE04EC0-301F-11D3-BF4B-00C04F79EFBC}") = "Throughline.Common.Tests", "src\shared\Throughline.Common.Tests\Throughline.Common.Tests.csproj", "{32D436D4-17B4-49EA-AAE2-0E9D283E10D6}"
EndProject
Project("{FAE04EC0-301F-11D3-BF4B-00C04F79EFBC}") = "Throughline.Modules.Ordering.Infrastructure", "src\modules\ordering\Throughline.Modules.Ordering.Infrastructure\Throughline.Modules.Ordering.Infrastructure.csproj", "{54180782-77EC-46F1-BB78-BB0A320C5FF4}"
EndProject
Project("{FAE04EC0-301F-11D3-BF4B-00C04F79EFBC}") = "Throughline.Api", "api\Throughline.Api\Throughline.Api.csproj", "{57D7860C-202F-4B14-AB12-281647607589}"
EndProject
Project("{FAE04EC0-301F-11D3-BF4B-00C04F79EFBC}") = "Throughline.Modules.Ordering.Api", "src\modules\ordering\Throughline.Modules.Ordering.Api\Throughline.Modules.Ordering.Api.csproj", "{35E9329E-834F-48AD-B40F-2B8270A692AE}"
EndProject
Project("{FAE04EC0-301F-11D3-BF4B-00C04F79EFBC}") = "Throughline.Common.Presentation", "src\shared\Throughline.Common.Presentation\Throughline.Common.Presentation\Throughline.Common.Presentation.csproj", "{1C551051-2B0B-48E0-95CF-3D98B615C14E}"
EndProject
Project("{FAE04EC0-301F-11D3-BF4B-00C04F79EFBC}") = "Throughline.Common.Presentation.Tests", "src\shared\Throughline.Common.Presentation.Tests\Throughline.Common.Presentation.Tests\Throughline.Common.Presentation.Tests.csproj", "{DAA209AF-A756-4A55-9B06-2947386C1FDC}"
EndProject
Global
	GlobalSection(SolutionConfigurationPlatforms) = preSolution
		Debug|Any CPU = Debug|Any CPU
		Release|Any CPU = Release|Any CPU
	EndGlobalSection
	GlobalSection(ProjectConfigurationPlatforms) = postSolution
		{29B56357-B8FF-4D42-B159-F33832BAD800}.Debug|Any CPU.ActiveCfg = Debug|Any CPU
		{29B56357-B8FF-4D42-B159-F33832BAD800}.Debug|Any CPU.Build.0 = Debug|Any CPU
		{29B56357-B8FF-4D42-B159-F33832BAD800}.Release|Any CPU.ActiveCfg = Release|Any CPU
		{29B56357-B8FF-4D42-B159-F33832BAD800}.Release|Any CPU.Build.0 = Release|Any CPU
		{51DFA9A6-80A4-42D1-962F-ABCF57AA93A5}.Debug|Any CPU.ActiveCfg = Debug|Any CPU
		{51DFA9A6-80A4-42D1-962F-ABCF57AA93A5}.Debug|Any CPU.Build.0 = Debug|Any CPU
		{51DFA9A6-80A4-42D1-962F-ABCF57AA93A5}.Release|Any CPU.ActiveCfg = Release|Any CPU
		{51DFA9A6-80A4-42D1-962F-ABCF57AA93A5}.Release|Any CPU.Build.0 = Release|Any CPU
		{B58B61DA-7541-4FA5-B02F-0CBC1735400B}.Debug|Any CPU.ActiveCfg = Debug|Any CPU
		{B58B61DA-7541-4FA5-B02F-0CBC1735400B}.Debug|Any CPU.Build.0 = Debug|Any CPU
		{B58B61DA-7541-4FA5-B02F-0CBC1735400B}.Release|Any CPU.ActiveCfg = Release|Any CPU
		{B58B61DA-7541-4FA5-B02F-0CBC1735400B}.Release|Any CPU.Build.0 = Release|Any CPU
		{AB00182B-62D2-4C98-B3DA-81429DB70807}.Debug|Any CPU.ActiveCfg = Debug|Any CPU
		{AB00182B-62D2-4C98-B3DA-81429DB70807}.Debug|Any CPU.Build.0 = Debug|Any CPU
		{AB00182B-62D2-4C98-B3DA-81429DB70807}.Release|Any CPU.ActiveCfg = Release|Any CPU
		{AB00182B-62D2-4C98-B3DA-81429DB70807}.Release|Any CPU.Build.0 = Release|Any CPU
		{C7E3F48C-A389-447C-A1ED-CC28B904B15A}.Debug|Any CPU.ActiveCfg = Debug|Any CPU
		{C7E3F48C-A389-447C-A1ED-CC28B904B15A}.Debug|Any CPU.Build.0 = Debug|Any CPU
		{C7E3F48C-A389-447C-A1ED-CC28B904B15A}.Release|Any CPU.ActiveCfg = Release|Any CPU
		{C7E3F48C-A389-447C-A1ED-CC28B904B15A}.Release|Any CPU.Build.0 = Release|Any CPU
		{32D436D4-17B4-49EA-AAE2-0E9D283E10D6}.Debug|Any CPU.ActiveCfg = Debug|Any CPU
		{32D436D4-17B4-49EA-AAE2-0E9D283E10D6}.Debug|Any CPU.Build.0 = Debug|Any CPU
		{32D436D4-17B4-49EA-AAE2-0E9D283E10D6}.Release|Any CPU.ActiveCfg = Release|Any CPU
		{32D436D4-17B4-49EA-AAE2-0E9D283E10D6}.Release|Any CPU.Build.0 = Release|Any CPU
		{54180782-77EC-46F1-BB78-BB0A320C5FF4}.Debug|Any CPU.ActiveCfg = Debug|Any CPU
		{54180782-77EC-46F1-BB78-BB0A320C5FF4}.Debug|Any CPU.Build.0 = Debug|Any CPU
		{54180782-77EC-46F1-BB78-BB0A320C5FF4}.Release|Any CPU.ActiveCfg = Release|Any CPU
		{54180782-77EC-46F1-BB78-BB0A320C5FF4}.Release|Any CPU.Build.0 = Release|Any CPU
		{57D7860C-202F-4B14-AB12-281647607589}.Debug|Any CPU.ActiveCfg = Debug|Any CPU
		{57D7860C-202F-4B14-AB12-281647607589}.Debug|Any CPU.Build.0 = Debug|Any CPU
		{57D7860C-202F-4B14-AB12-281647607589}.Release|Any CPU.ActiveCfg = Release|Any CPU
		{57D7860C-202F-4B14-AB12-281647607589}.Release|Any CPU.Build.0 = Release|Any CPU
		{35E9329E-834F-48AD-B40F-2B8270A692AE}.Debug|Any CPU.ActiveCfg = Debug|Any CPU
		{35E9329E-834F-48AD-B40F-2B8270A692AE}.Debug|Any CPU.Build.0 = Debug|Any CPU
		{35E9329E-834F-48AD-B40F-2B8270A692AE}.Release|Any CPU.ActiveCfg = Release|Any CPU
		{35E9329E-834F-48AD-B40F-2B8270A692AE}.Release|Any CPU.Build.0 = Release|Any CPU
		{1C551051-2B0B-48E0-95CF-3D98B615C14E}.Debug|Any CPU.ActiveCfg = Debug|Any CPU
		{1C551051-2B0B-48E0-95CF-3D98B615C14E}.Debug|Any CPU.Build.0 = Debug|Any CPU
		{1C551051-2B0B-48E0-95CF-3D98B615C14E}.Release|Any CPU.ActiveCfg = Release|Any CPU
		{1C551051-2B0B-48E0-95CF-3D98B615C14E}.Release|Any CPU.Build.0 = Release|Any CPU
		{DAA209AF-A756-4A55-9B06-2947386C1FDC}.Debug|Any CPU.ActiveCfg = Debug|Any CPU
		{DAA209AF-A756-4A55-9B06-2947386C1FDC}.Debug|Any CPU.Build.0 = Debug|Any CPU
		{DAA209AF-A756-4A55-9B06-2947386C1FDC}.Release|Any CPU.ActiveCfg = Release|Any CPU
		{DAA209AF-A756-4A55-9B06-2947386C1FDC}.Release|Any CPU.Build.0 = Release|Any CPU
	EndGlobalSection
EndGlobal
